<?xml version="1.0" encoding="utf-8"?>
<Project ToolsVersion="4.0" xmlns="http://schemas.microsoft.com/developer/msbuild/2003">
  <ItemGroup>
    <Filter Include="Source Files">
      <UniqueIdentifier>{4FC737F1-C7A5-4376-A066-2A32D752A2FF}</UniqueIdentifier>
      <Extensions>cpp;c;cc;cxx;c++;cppm;ixx;def;odl;idl;hpj;bat;asm;asmx</Extensions>
    </Filter>
    <Filter Include="Header Files">
      <UniqueIdentifier>{93995380-89BD-4b04-88EB-625FBE52EBFB}</UniqueIdentifier>
      <Extensions>h;hh;hpp;hxx;h++;hm;inl;inc;ipp;xsd</Extensions>
    </Filter>
    <Filter Include="Resource Files">
      <UniqueIdentifier>{67DA6AB6-F800-4c08-8B7A-83BB121AAD01}</UniqueIdentifier>
      <Extensions>rc;ico;cur;bmp;dlg;rc2;rct;bin;rgs;gif;jpg;jpeg;jpe;resx;tiff;tif;png;wav;mfcribbon-ms</Extensions>
    </Filter>
    <Filter Include="Source Files\html">
      <UniqueIdentifier>{2726132b-5a74-4acf-9cc3-8ee88bb7bfb6}</UniqueIdentifier>
    </Filter>
    <Filter Include="Source Files\StyleSheets">
      <UniqueIdentifier>{94713e73-16f1-422d-8587-679b176937b3}</UniqueIdentifier>
    </Filter>
  </ItemGroup>
  <ItemGroup>
    <None Include="JavaScript code.js" />
    <None Include="index.html">
      <Filter>Source Files\html</Filter>
    </None>
    <None Include="index Interests.html">
      <Filter>Source Files\html</Filter>
    </None>
    <None Include="Index InterestsStyleSheet.css">
      <Filter>Source Files\StyleSheets</Filter>
    </None>
    <None Include="Index MasterStyleSheet.css">
      <Filter>Source Files\StyleSheets</Filter>
    </None>
    <None Include="Index HomeStyleSheet.css">
      <Filter>Source Files\StyleSheets</Filter>
    </None>
    <None Include="index html.html">
      <Filter>Source Files\html</Filter>
    </None>
    <None Include="index CSS.html">
      <Filter>Source Files\html</Filter>
    </None>
    <None Include="Index TypesOfExternalStyleSheet.css">
      <Filter>Source Files\StyleSheets</Filter>
    </None>
  </ItemGroup>
</Project>